
Microsoft Visual Studio Solution File, Format Version 12.00
# Visual Studio Version 16
VisualStudioVersion = 16.0.30907.101
MinimumVisualStudioVersion = 10.0.40219.1
Project("{FAE04EC0-301F-11D3-BF4B-00C04F79EFBC}") = "ContaBank", "ContaBank\ContaBank.csproj", "{7F6993E9-4CBB-4696-91F2-ED21AD0D46D1}"
EndProject
Global
	GlobalSection(SolutionConfigurationPlatforms) = preSolution
		Debug|Any CPU = Debug|Any CPU
		Release|Any CPU = Release|Any CPU
	EndGlobalSection
	GlobalSection(ProjectConfigurationPlatforms) = postSolution
		{7F6993E9-4CBB-4696-91F2-ED21AD0D46D1}.Debug|Any CPU.ActiveCfg = Debug|Any CPU
		{7F6993E9-4CBB-4696-91F2-ED21AD0D46D1}.Debug|Any CPU.Build.0 = Debug|Any CPU
		{7F6993E9-4CBB-4696-91F2-ED21AD0D46D1}.Release|Any CPU.ActiveCfg = Release|Any CPU
		{7F6993E9-4CBB-4696-91F2-ED21AD0D46D1}.Release|Any CPU.Build.0 = Release|Any CPU
	EndGlobalSection
	GlobalSection(SolutionProperties) = preSolution
		HideSolutionNode = FALSE
	EndGlobalSection
	GlobalSection(ExtensibilityGlobals) = postSolution
		SolutionGuid = {9E58B206-66F8-4AB7-BA28-3E91869BE1DB}
	EndGlobalSection
EndGlobal
