
Microsoft Visual Studio Solution File, Format Version 12.00
# Visual Studio Version 16
VisualStudioVersion = 16.0.30907.101
MinimumVisualStudioVersion = 10.0.40219.1
Project("{FAE04EC0-301F-11D3-BF4B-00C04F79EFBC}") = "individual", "individual\individual.csproj", "{AEFFA35D-30B3-4505-8A52-1BF58E49485D}"
EndProject
Global
	GlobalSection(SolutionConfigurationPlatforms) = preSolution
		Debug|Any CPU = Debug|Any CPU
		Release|Any CPU = Release|Any CPU
	EndGlobalSection
	GlobalSection(ProjectConfigurationPlatforms) = postSolution
		{AEFFA35D-30B3-4505-8A52-1BF58E49485D}.Debug|Any CPU.ActiveCfg = Debug|Any CPU
		{AEFFA35D-30B3-4505-8A52-1BF58E49485D}.Debug|Any CPU.Build.0 = Debug|Any CPU
		{AEFFA35D-30B3-4505-8A52-1BF58E49485D}.Release|Any CPU.ActiveCfg = Release|Any CPU
		{AEFFA35D-30B3-4505-8A52-1BF58E49485D}.Release|Any CPU.Build.0 = Release|Any CPU
	EndGlobalSection
	GlobalSection(SolutionProperties) = preSolution
		HideSolutionNode = FALSE
	EndGlobalSection
	GlobalSection(ExtensibilityGlobals) = postSolution
		SolutionGuid = {DDACB43E-3168-4F9E-AF80-5AF4D6DDD898}
	EndGlobalSection
EndGlobal
